
Microsoft Visual Studio Solution File, Format Version 12.00
# Visual Studio Version 17
VisualStudioVersion = 17.5.33516.290
MinimumVisualStudioVersion = 10.0.40219.1
Project("{FAE04EC0-301F-11D3-BF4B-00C04F79EFBC}") = "AppNovaAgenda_SQLite_MVVM.UWP", "AppNovaAgenda_SQLite_MVVM\AppNovaAgenda_SQLite_MVVM.UWP\AppNovaAgenda_SQLite_MVVM.UWP.csproj", "{F784AFEC-892B-4529-9F15-98DDA8EEFB4A}"
EndProject
Project("{FAE04EC0-301F-11D3-BF4B-00C04F79EFBC}") = "AppNovaAgenda_SQLite_MVVM.Android", "AppNovaAgenda_SQLite_MVVM\AppNovaAgenda_SQLite_MVVM.Android\AppNovaAgenda_SQLite_MVVM.Android.csproj", "{75978AA1-E60B-489B-BE31-D81A52C33415}"
EndProject
Project("{FAE04EC0-301F-11D3-BF4B-00C04F79EFBC}") = "AppNovaAgenda_SQLite_MVVM.iOS", "AppNovaAgenda_SQLite_MVVM\AppNovaAgenda_SQLite_MVVM.iOS\AppNovaAgenda_SQLite_MVVM.iOS.csproj", "{339D82BA-4262-43A5-9F6C-CECBB939BD88}"
EndProject
Project("{FAE04EC0-301F-11D3-BF4B-00C04F79EFBC}") = "AppNovaAgenda_SQLite_MVVM", "AppNovaAgenda_SQLite_MVVM\AppNovaAgenda_SQLite_MVVM\AppNovaAgenda_SQLite_MVVM.csproj", "{C1145ABB-64A4-4E36-82DA-AB9F784CC5AB}"
EndProject
Global
	GlobalSection(SolutionConfigurationPlatforms) = preSolution
		Debug|Any CPU = Debug|Any CPU
		Debug|ARM = Debug|ARM
		Debug|iPhone = Debug|iPhone
		Debug|iPhoneSimulator = Debug|iPhoneSimulator
		Debug|x64 = Debug|x64
		Debug|x86 = Debug|x86
		Release|Any CPU = Release|Any CPU
		Release|ARM = Release|ARM
		Release|iPhone = Release|iPhone
		Release|iPhoneSimulator = Release|iPhoneSimulator
		Release|x64 = Release|x64
		Release|x86 = Release|x86
	EndGlobalSection
	GlobalSection(ProjectConfigurationPlatforms) = postSolution
		{F784AFEC-892B-4529-9F15-98DDA8EEFB4A}.Debug|Any CPU.ActiveCfg = Debug|x64
		{F784AFEC-892B-4529-9F15-98DDA8EEFB4A}.Debug|Any CPU.Build.0 = Debug|x64
		{F784AFEC-892B-4529-9F15-98DDA8EEFB4A}.Debug|Any CPU.Deploy.0 = Debug|x64
		{F784AFEC-892B-4529-9F15-98DDA8EEFB4A}.Debug|ARM.ActiveCfg = Debug|ARM
		{F784AFEC-892B-4529-9F15-98DDA8EEFB4A}.Debug|ARM.Build.0 = Debug|ARM
		{F784AFEC-892B-4529-9F15-98DDA8EEFB4A}.Debug|ARM.Deploy.0 = Debug|ARM
		{F784AFEC-892B-4529-9F15-98DDA8EEFB4A}.Debug|iPhone.ActiveCfg = Debug|x64
		{F784AFEC-892B-4529-9F15-98DDA8EEFB4A}.Debug|iPhone.Build.0 = Debug|x64
		{F784AFEC-892B-4529-9F15-98DDA8EEFB4A}.Debug|iPhone.Deploy.0 = Debug|x64
		{F784AFEC-892B-4529-9F15-98DDA8EEFB4A}.Debug|iPhoneSimulator.ActiveCfg = Debug|x64
		{F784AFEC-892B-4529-9F15-98DDA8EEFB4A}.Debug|iPhoneSimulator.Build.0 = Debug|x64
		{F784AFEC-892B-4529-9F15-98DDA8EEFB4A}.Debug|iPhoneSimulator.Deploy.0 = Debug|x64
		{F784AFEC-892B-4529-9F15-98DDA8EEFB4A}.Debug|x64.ActiveCfg = Debug|x64
		{F784AFEC-892B-4529-9F15-98DDA8EEFB4A}.Debug|x64.Build.0 = Debug|x64
		{F784AFEC-892B-4529-9F15-98DDA8EEFB4A}.Debug|x64.Deploy.0 = Debug|x64
		{F784AFEC-892B-4529-9F15-98DDA8EEFB4A}.Debug|x86.ActiveCfg = Debug|x86
		{F784AFEC-892B-4529-9F15-98DDA8EEFB4A}.Debug|x86.Build.0 = Debug|x86
		{F784AFEC-892B-4529-9F15-98DDA8EEFB4A}.Debug|x86.Deploy.0 = Debug|x86
		{F784AFEC-892B-4529-9F15-98DDA8EEFB4A}.Release|Any CPU.ActiveCfg = Release|x64
		{F784AFEC-892B-4529-9F15-98DDA8EEFB4A}.Release|Any CPU.Build.0 = Release|x64
		{F784AFEC-892B-4529-9F15-98DDA8EEFB4A}.Release|Any CPU.Deploy.0 = Release|x64
		{F784AFEC-892B-4529-9F15-98DDA8EEFB4A}.Release|ARM.ActiveCfg = Release|ARM
		{F784AFEC-892B-4529-9F15-98DDA8EEFB4A}.Release|ARM.Build.0 = Release|ARM
		{F784AFEC-892B-4529-9F15-98DDA8EEFB4A}.Release|ARM.Deploy.0 = Release|ARM
		{F784AFEC-892B-4529-9F15-98DDA8EEFB4A}.Release|iPhone.ActiveCfg = Release|x64
		{F784AFEC-892B-4529-9F15-98DDA8EEFB4A}.Release|iPhone.Build.0 = Release|x64
		{F784AFEC-892B-4529-9F15-98DDA8EEFB4A}.Release|iPhone.Deploy.0 = Release|x64
		{F784AFEC-892B-4529-9F15-98DDA8EEFB4A}.Release|iPhoneSimulator.ActiveCfg = Release|x64
		{F784AFEC-892B-4529-9F15-98DDA8EEFB4A}.Release|iPhoneSimulator.Build.0 = Release|x64
		{F784AFEC-892B-4529-9F15-98DDA8EEFB4A}.Release|iPhoneSimulator.Deploy.0 = Release|x64
		{F784AFEC-892B-4529-9F15-98DDA8EEFB4A}.Release|x64.ActiveCfg = Release|x64
		{F784AFEC-892B-4529-9F15-98DDA8EEFB4A}.Release|x64.Build.0 = Release|x64
		{F784AFEC-892B-4529-9F15-98DDA8EEFB4A}.Release|x64.Deploy.0 = Release|x64
		{F784AFEC-892B-4529-9F15-98DDA8EEFB4A}.Release|x86.ActiveCfg = Release|x86
		{F784AFEC-892B-4529-9F15-98DDA8EEFB4A}.Release|x86.Build.0 = Release|x86
		{F784AFEC-892B-4529-9F15-98DDA8EEFB4A}.Release|x86.Deploy.0 = Release|x86
		{75978AA1-E60B-489B-BE31-D81A52C33415}.Debug|Any CPU.ActiveCfg = Debug|Any CPU
		{75978AA1-E60B-489B-BE31-D81A52C33415}.Debug|Any CPU.Build.0 = Debug|Any CPU
		{75978AA1-E60B-489B-BE31-D81A52C33415}.Debug|Any CPU.Deploy.0 = Debug|Any CPU
		{75978AA1-E60B-489B-BE31-D81A52C33415}.Debug|ARM.ActiveCfg = Debug|Any CPU
		{75978AA1-E60B-489B-BE31-D81A52C33415}.Debug|ARM.Build.0 = Debug|Any CPU
		{75978AA1-E60B-489B-BE31-D81A52C33415}.Debug|ARM.Deploy.0 = Debug|Any CPU
		{75978AA1-E60B-489B-BE31-D81A52C33415}.Debug|iPhone.ActiveCfg = Debug|Any CPU
		{75978AA1-E60B-489B-BE31-D81A52C33415}.Debug|iPhone.Build.0 = Debug|Any CPU
		{75978AA1-E60B-489B-BE31-D81A52C33415}.Debug|iPhone.Deploy.0 = Debug|Any CPU
		{75978AA1-E60B-489B-BE31-D81A52C33415}.Debug|iPhoneSimulator.ActiveCfg = Debug|Any CPU
		{75978AA1-E60B-489B-BE31-D81A52C33415}.Debug|iPhoneSimulator.Build.0 = Debug|Any CPU
		{75978AA1-E60B-489B-BE31-D81A52C33415}.Debug|iPhoneSimulator.Deploy.0 = Debug|Any CPU
		{75978AA1-E60B-489B-BE31-D81A52C33415}.Debug|x64.ActiveCfg = Debug|Any CPU
		{75978AA1-E60B-489B-BE31-D81A52C33415}.Debug|x64.Build.0 = Debug|Any CPU
		{75978AA1-E60B-489B-BE31-D81A52C33415}.Debug|x64.Deploy.0 = Debug|Any CPU
		{75978AA1-E60B-489B-BE31-D81A52C33415}.Debug|x86.ActiveCfg = Debug|Any CPU
		{75978AA1-E60B-489B-BE31-D81A52C33415}.Debug|x86.Build.0 = Debug|Any CPU
		{75978AA1-E60B-489B-BE31-D81A52C33415}.Debug|x86.Deploy.0 = Debug|Any CPU
		{75978AA1-E60B-489B-BE31-D81A52C33415}.Release|Any CPU.ActiveCfg = Release|Any CPU
		{75978AA1-E60B-489B-BE31-D81A52C33415}.Release|Any CPU.Build.0 = Release|Any CPU
		{75978AA1-E60B-489B-BE31-D81A52C33415}.Release|Any CPU.Deploy.0 = Release|Any CPU
		{75978AA1-E60B-489B-BE31-D81A52C33415}.Release|ARM.ActiveCfg = Release|Any CPU
		{75978AA1-E60B-489B-BE31-D81A52C33415}.Release|ARM.Build.0 = Release|Any CPU
		{75978AA1-E60B-489B-BE31-D81A52C33415}.Release|ARM.Deploy.0 = Release|Any CPU
		{75978AA1-E60B-489B-BE31-D81A52C33415}.Release|iPhone.ActiveCfg = Release|Any CPU
		{75978AA1-E60B-489B-BE31-D81A52C33415}.Release|iPhone.Build.0 = Release|Any CPU
		{75978AA1-E60B-489B-BE31-D81A52C33415}.Release|iPhone.Deploy.0 = Release|Any CPU
		{75978AA1-E60B-489B-BE31-D81A52C33415}.Release|iPhoneSimulator.ActiveCfg = Release|Any CPU
		{75978AA1-E60B-489B-BE31-D81A52C33415}.Release|iPhoneSimulator.Build.0 = Release|Any CPU
		{75978AA1-E60B-489B-BE31-D81A52C33415}.Release|iPhoneSimulator.Deploy.0 = Release|Any CPU
		{75978AA1-E60B-489B-BE31-D81A52C33415}.Release|x64.ActiveCfg = Release|Any CPU
		{75978AA1-E60B-489B-BE31-D81A52C33415}.Release|x64.Build.0 = Release|Any CPU
		{75978AA1-E60B-489B-BE31-D81A52C33415}.Release|x64.Deploy.0 = Release|Any CPU
		{75978AA1-E60B-489B-BE31-D81A52C33415}.Release|x86.ActiveCfg = Release|Any CPU
		{75978AA1-E60B-489B-BE31-D81A52C33415}.Release|x86.Build.0 = Release|Any CPU
		{75978AA1-E60B-489B-BE31-D81A52C33415}.Release|x86.Deploy.0 = Release|Any CPU
		{339D82BA-4262-43A5-9F6C-CECBB939BD88}.Debug|Any CPU.ActiveCfg = Debug|iPhoneSimulator
		{339D82BA-4262-43A5-9F6C-CECBB939BD88}.Debug|Any CPU.Build.0 = Debug|iPhoneSimulator
		{339D82BA-4262-43A5-9F6C-CECBB939BD88}.Debug|Any CPU.Deploy.0 = Debug|iPhoneSimulator
		{339D82BA-4262-43A5-9F6C-CECBB939BD88}.Debug|ARM.ActiveCfg = Debug|iPhoneSimulator
		{339D82BA-4262-43A5-9F6C-CECBB939BD88}.Debug|ARM.Build.0 = Debug|iPhoneSimulator
		{339D82BA-4262-43A5-9F6C-CECBB939BD88}.Debug|ARM.Deploy.0 = Debug|iPhoneSimulator
		{339D82BA-4262-43A5-9F6C-CECBB939BD88}.Debug|iPhone.ActiveCfg = Debug|iPhone
		{339D82BA-4262-43A5-9F6C-CECBB939BD88}.Debug|iPhone.Build.0 = Debug|iPhone
		{339D82BA-4262-43A5-9F6C-CECBB939BD88}.Debug|iPhone.Deploy.0 = Debug|iPhone
		{339D82BA-4262-43A5-9F6C-CECBB939BD88}.Debug|iPhoneSimulator.ActiveCfg = Debug|iPhoneSimulator
		{339D82BA-4262-43A5-9F6C-CECBB939BD88}.Debug|iPhoneSimulator.Build.0 = Debug|iPhoneSimulator
		{339D82BA-4262-43A5-9F6C-CECBB939BD88}.Debug|iPhoneSimulator.Deploy.0 = Debug|iPhoneSimulator
		{339D82BA-4262-43A5-9F6C-CECBB939BD88}.Debug|x64.ActiveCfg = Debug|iPhone
		{339D82BA-4262-43A5-9F6C-CECBB939BD88}.Debug|x64.Build.0 = Debug|iPhone
		{339D82BA-4262-43A5-9F6C-CECBB939BD88}.Debug|x64.Deploy.0 = Debug|iPhone
		{339D82BA-4262-43A5-9F6C-CECBB939BD88}.Debug|x86.ActiveCfg = Debug|iPhoneSimulator
		{339D82BA-4262-43A5-9F6C-CECBB939BD88}.Debug|x86.Build.0 = Debug|iPhoneSimulator
		{339D82BA-4262-43A5-9F6C-CECBB939BD88}.Debug|x86.Deploy.0 = Debug|iPhoneSimulator
		{339D82BA-4262-43A5-9F6C-CECBB939BD88}.Release|Any CPU.ActiveCfg = Release|iPhoneSimulator
		{339D82BA-4262-43A5-9F6C-CECBB939BD88}.Release|Any CPU.Build.0 = Release|iPhoneSimulator
		{339D82BA-4262-43A5-9F6C-CECBB939BD88}.Release|Any CPU.Deploy.0 = Release|iPhoneSimulator
		{339D82BA-4262-43A5-9F6C-CECBB939BD88}.Release|ARM.ActiveCfg = Release|iPhoneSimulator
		{339D82BA-4262-43A5-9F6C-CECBB939BD88}.Release|ARM.Build.0 = Release|iPhoneSimulator
		{339D82BA-4262-43A5-9F6C-CECBB939BD88}.Release|ARM.Deploy.0 = Release|iPhoneSimulator
		{339D82BA-4262-43A5-9F6C-CECBB939BD88}.Release|iPhone.ActiveCfg = Release|iPhone
		{339D82BA-4262-43A5-9F6C-CECBB939BD88}.Release|iPhone.Build.0 = Release|iPhone
		{339D82BA-4262-43A5-9F6C-CECBB939BD88}.Release|iPhone.Deploy.0 = Release|iPhone
		{339D82BA-4262-43A5-9F6C-CECBB939BD88}.Release|iPhoneSimulator.ActiveCfg = Release|iPhoneSimulator
		{339D82BA-4262-43A5-9F6C-CECBB939BD88}.Release|iPhoneSimulator.Build.0 = Release|iPhoneSimulator
		{339D82BA-4262-43A5-9F6C-CECBB939BD88}.Release|iPhoneSimulator.Deploy.0 = Release|iPhoneSimulator
		{339D82BA-4262-43A5-9F6C-CECBB939BD88}.Release|x64.ActiveCfg = Release|iPhoneSimulator
		{339D82BA-4262-43A5-9F6C-CECBB939BD88}.Release|x64.Build.0 = Release|iPhoneSimulator
		{339D82BA-4262-43A5-9F6C-CECBB939BD88}.Release|x64.Deploy.0 = Release|iPhoneSimulator
		{339D82BA-4262-43A5-9F6C-CECBB939BD88}.Release|x86.ActiveCfg = Release|iPhoneSimulator
		{339D82BA-4262-43A5-9F6C-CECBB939BD88}.Release|x86.Build.0 = Release|iPhoneSimulator
		{339D82BA-4262-43A5-9F6C-CECBB939BD88}.Release|x86.Deploy.0 = Release|iPhoneSimulator
		{C1145ABB-64A4-4E36-82DA-AB9F784CC5AB}.Debug|Any CPU.ActiveCfg = Debug|Any CPU
		{C1145ABB-64A4-4E36-82DA-AB9F784CC5AB}.Debug|Any CPU.Build.0 = Debug|Any CPU
		{C1145ABB-64A4-4E36-82DA-AB9F784CC5AB}.Debug|Any CPU.Deploy.0 = Debug|Any CPU
		{C1145ABB-64A4-4E36-82DA-AB9F784CC5AB}.Debug|ARM.ActiveCfg = Debug|Any CPU
		{C1145ABB-64A4-4E36-82DA-AB9F784CC5AB}.Debug|ARM.Build.0 = Debug|Any CPU
		{C1145ABB-64A4-4E36-82DA-AB9F784CC5AB}.Debug|ARM.Deploy.0 = Debug|Any CPU
		{C1145ABB-64A4-4E36-82DA-AB9F784CC5AB}.Debug|iPhone.ActiveCfg = Debug|Any CPU
		{C1145ABB-64A4-4E36-82DA-AB9F784CC5AB}.Debug|iPhone.Build.0 = Debug|Any CPU
		{C1145ABB-64A4-4E36-82DA-AB9F784CC5AB}.Debug|iPhone.Deploy.0 = Debug|Any CPU
		{C1145ABB-64A4-4E36-82DA-AB9F784CC5AB}.Debug|iPhoneSimulator.ActiveCfg = Debug|Any CPU
		{C1145ABB-64A4-4E36-82DA-AB9F784CC5AB}.Debug|iPhoneSimulator.Build.0 = Debug|Any CPU
		{C1145ABB-64A4-4E36-82DA-AB9F784CC5AB}.Debug|iPhoneSimulator.Deploy.0 = Debug|Any CPU
		{C1145ABB-64A4-4E36-82DA-AB9F784CC5AB}.Debug|x64.ActiveCfg = Debug|Any CPU
		{C1145ABB-64A4-4E36-82DA-AB9F784CC5AB}.Debug|x64.Build.0 = Debug|Any CPU
		{C1145ABB-64A4-4E36-82DA-AB9F784CC5AB}.Debug|x64.Deploy.0 = Debug|Any CPU
		{C1145ABB-64A4-4E36-82DA-AB9F784CC5AB}.Debug|x86.ActiveCfg = Debug|Any CPU
		{C1145ABB-64A4-4E36-82DA-AB9F784CC5AB}.Debug|x86.Build.0 = Debug|Any CPU
		{C1145ABB-64A4-4E36-82DA-AB9F784CC5AB}.Debug|x86.Deploy.0 = Debug|Any CPU
		{C1145ABB-64A4-4E36-82DA-AB9F784CC5AB}.Release|Any CPU.ActiveCfg = Release|Any CPU
		{C1145ABB-64A4-4E36-82DA-AB9F784CC5AB}.Release|Any CPU.Build.0 = Release|Any CPU
		{C1145ABB-64A4-4E36-82DA-AB9F784CC5AB}.Release|Any CPU.Deploy.0 = Release|Any CPU
		{C1145ABB-64A4-4E36-82DA-AB9F784CC5AB}.Release|ARM.ActiveCfg = Release|Any CPU
		{C1145ABB-64A4-4E36-82DA-AB9F784CC5AB}.Release|ARM.Build.0 = Release|Any CPU
		{C1145ABB-64A4-4E36-82DA-AB9F784CC5AB}.Release|ARM.Deploy.0 = Release|Any CPU
		{C1145ABB-64A4-4E36-82DA-AB9F784CC5AB}.Release|iPhone.ActiveCfg = Release|Any CPU
		{C1145ABB-64A4-4E36-82DA-AB9F784CC5AB}.Release|iPhone.Build.0 = Release|Any CPU
		{C1145ABB-64A4-4E36-82DA-AB9F784CC5AB}.Release|iPhone.Deploy.0 = Release|Any CPU
		{C1145ABB-64A4-4E36-82DA-AB9F784CC5AB}.Release|iPhoneSimulator.ActiveCfg = Release|Any CPU
		{C1145ABB-64A4-4E36-82DA-AB9F784CC5AB}.Release|iPhoneSimulator.Build.0 = Release|Any CPU
		{C1145ABB-64A4-4E36-82DA-AB9F784CC5AB}.Release|iPhoneSimulator.Deploy.0 = Release|Any CPU
		{C1145ABB-64A4-4E36-82DA-AB9F784CC5AB}.Release|x64.ActiveCfg = Release|Any CPU
		{C1145ABB-64A4-4E36-82DA-AB9F784CC5AB}.Release|x64.Build.0 = Release|Any CPU
		{C1145ABB-64A4-4E36-82DA-AB9F784CC5AB}.Release|x64.Deploy.0 = Release|Any CPU
		{C1145ABB-64A4-4E36-82DA-AB9F784CC5AB}.Release|x86.ActiveCfg = Release|Any CPU
		{C1145ABB-64A4-4E36-82DA-AB9F784CC5AB}.Release|x86.Build.0 = Release|Any CPU
		{C1145ABB-64A4-4E36-82DA-AB9F784CC5AB}.Release|x86.Deploy.0 = Release|Any CPU
	EndGlobalSection
	GlobalSection(SolutionProperties) = preSolution
		HideSolutionNode = FALSE
	EndGlobalSection
	GlobalSection(ExtensibilityGlobals) = postSolution
		SolutionGuid = {63BB1314-92AF-44EE-9A43-34FF56AB1184}
	EndGlobalSection
EndGlobal
